
Microsoft Visual Studio Solution File, Format Version 12.00
# Visual Studio Version 17
VisualStudioVersion = 17.0.32112.339
MinimumVisualStudioVersion = 10.0.40219.1
Project("{FAE04EC0-301F-11D3-BF4B-00C04F79EFBC}") = "BlazorFullStackCrud.Server", "BlazorFullStackCrud\Server\BlazorFullStackCrud.Server.csproj", "{73557CAF-4098-42D4-A2AB-D30381CF25E4}"
EndProject
Project("{FAE04EC0-301F-11D3-BF4B-00C04F79EFBC}") = "BlazorFullStackCrud.Client", "BlazorFullStackCrud\Client\BlazorFullStackCrud.Client.csproj", "{030D2379-52A8-499E-A06B-C3F875AF3441}"
EndProject
Project("{FAE04EC0-301F-11D3-BF4B-00C04F79EFBC}") = "BlazorFullStackCrud.Shared", "BlazorFullStackCrud\Shared\BlazorFullStackCrud.Shared.csproj", "{C7162DB8-2E5F-4550-B1A4-FABE96120497}"
EndProject
Global
	GlobalSection(SolutionConfigurationPlatforms) = preSolution
		Debug|Any CPU = Debug|Any CPU
		Release|Any CPU = Release|Any CPU
	EndGlobalSection
	GlobalSection(ProjectConfigurationPlatforms) = postSolution
		{73557CAF-4098-42D4-A2AB-D30381CF25E4}.Debug|Any CPU.ActiveCfg = Debug|Any CPU
		{73557CAF-4098-42D4-A2AB-D30381CF25E4}.Debug|Any CPU.Build.0 = Debug|Any CPU
		{73557CAF-4098-42D4-A2AB-D30381CF25E4}.Release|Any CPU.ActiveCfg = Release|Any CPU
		{73557CAF-4098-42D4-A2AB-D30381CF25E4}.Release|Any CPU.Build.0 = Release|Any CPU
		{030D2379-52A8-499E-A06B-C3F875AF3441}.Debug|Any CPU.ActiveCfg = Debug|Any CPU
		{030D2379-52A8-499E-A06B-C3F875AF3441}.Debug|Any CPU.Build.0 = Debug|Any CPU
		{030D2379-52A8-499E-A06B-C3F875AF3441}.Release|Any CPU.ActiveCfg = Release|Any CPU
		{030D2379-52A8-499E-A06B-C3F875AF3441}.Release|Any CPU.Build.0 = Release|Any CPU
		{C7162DB8-2E5F-4550-B1A4-FABE96120497}.Debug|Any CPU.ActiveCfg = Debug|Any CPU
		{C7162DB8-2E5F-4550-B1A4-FABE96120497}.Debug|Any CPU.Build.0 = Debug|Any CPU
		{C7162DB8-2E5F-4550-B1A4-FABE96120497}.Release|Any CPU.ActiveCfg = Release|Any CPU
		{C7162DB8-2E5F-4550-B1A4-FABE96120497}.Release|Any CPU.Build.0 = Release|Any CPU
	EndGlobalSection
	GlobalSection(SolutionProperties) = preSolution
		HideSolutionNode = FALSE
	EndGlobalSection
	GlobalSection(ExtensibilityGlobals) = postSolution
		SolutionGuid = {3DD5F8BA-43AD-4732-B529-0D156E581EDB}
	EndGlobalSection
EndGlobal
